
Microsoft Visual Studio Solution File, Format Version 12.00
# Visual Studio 15
VisualStudioVersion = 15.0.28307.421
MinimumVisualStudioVersion = 10.0.40219.1
Project("{E24C65DC-7377-472B-9ABA-BC803B73C61A}") = "Prometheus-DotNetFull-WebForms", "Prometheus-DotNetFull-WebForms\", "{67325C0B-750C-44B5-A8E4-213B6E130D2D}"
	ProjectSection(WebsiteProperties) = preProject
		TargetFrameworkMoniker = ".NETFramework,Version%3Dv4.6.1"
		Debug.AspNetCompiler.VirtualPath = "/localhost_63291"
		Debug.AspNetCompiler.PhysicalPath = "Prometheus-DotNetFull-WebForms\"
		Debug.AspNetCompiler.TargetPath = "PrecompiledWeb\localhost_63291\"
		Debug.AspNetCompiler.Updateable = "true"
		Debug.AspNetCompiler.ForceOverwrite = "true"
		Debug.AspNetCompiler.FixedNames = "false"
		Debug.AspNetCompiler.Debug = "True"
		Release.AspNetCompiler.VirtualPath = "/localhost_63291"
		Release.AspNetCompiler.PhysicalPath = "Prometheus-DotNetFull-WebForms\"
		Release.AspNetCompiler.TargetPath = "PrecompiledWeb\localhost_63291\"
		Release.AspNetCompiler.Updateable = "true"
		Release.AspNetCompiler.ForceOverwrite = "true"
		Release.AspNetCompiler.FixedNames = "false"
		Release.AspNetCompiler.Debug = "False"
		VWDPort = "63291"
		SlnRelativePath = "Prometheus-DotNetFull-WebForms\"
		DefaultWebSiteLanguage = "Visual C#"
	EndProjectSection
EndProject
Global
	GlobalSection(SolutionConfigurationPlatforms) = preSolution
		Debug|Any CPU = Debug|Any CPU
	EndGlobalSection
	GlobalSection(ProjectConfigurationPlatforms) = postSolution
		{67325C0B-750C-44B5-A8E4-213B6E130D2D}.Debug|Any CPU.ActiveCfg = Debug|Any CPU
		{67325C0B-750C-44B5-A8E4-213B6E130D2D}.Debug|Any CPU.Build.0 = Debug|Any CPU
	EndGlobalSection
	GlobalSection(SolutionProperties) = preSolution
		HideSolutionNode = FALSE
	EndGlobalSection
	GlobalSection(ExtensibilityGlobals) = postSolution
		SolutionGuid = {1B1ACB8E-0331-406E-8E13-0E96F616B848}
	EndGlobalSection
EndGlobal
